ngrams:
- - lib
  - dem
  - mp
- - dem
  - mp
  - chris
- - somehow
  - intriguing
  - facts
- - o
  - clock
  - fond
- - inconsequential
  - yet
  - somehow
story:
  date: 2012-02-04
  id: 2012-02-04-huhne-o-clock
  text: 'Fond as I am of inconsequential yet somehow intriguing facts, I was delighted
    to learn from today''s paper that the mother of soon-to-be-a-gaolbird Lib Dem
    MP Chris Huhne used to be the voice of the speaking clock.

    '
  title: "Huhne O\u2019 Clock"
word_count: 40
